#MicroXplorer Configuration settings - do not modify
Dma.SPI3_TX.2.MemInc=DMA_MINC_ENABLE
VP_TIM5_VS_ClockSourceINT.Mode=Internal
PB13.GPIOParameters=GPIO_Label
PD12.GPIO_Label=FAN_3
PC7.GPIOParameters=GPIO_PuPd,GPIO_Label
Dma.SPI1_TX.0.PeriphInc=DMA_PINC_DISABLE
SPI3.Direction=SPI_DIRECTION_2LINES
SPI4.VirtualType=VM_MASTER
SPI3.VirtualType=VM_MASTER
NVIC.I2C1_EV_IRQn=true\:0\:0\:false\:false\:true\:true\:true
PE11.GPIOParameters=GPIO_Label
Dma.UART10_RX.6.Direction=DMA_PERIPH_TO_MEMORY
SPI1.VirtualType=VM_MASTER
SPI2.VirtualType=VM_MASTER
VP_ADC1_TempSens_Input.Mode=IN-TempSens
PB10.Mode=TX_Only_Simplex_Unidirect_Master
VP_TIM5_VS_ClockSourceINT.Signal=TIM5_VS_ClockSourceINT
TIM1.IPParameters=ClockDivision,Prescaler,Period,Channel-PWM Generation1 CH1,Pulse-PWM Generation1 CH1
RCC.PLLCLKFreq_Value=100000000
PC12.Signal=SPI3_MOSI
RCC.PLLQCLKFreq_Value=100000000
PE8.GPIO_PuPd=GPIO_PULLUP
PC7.Locked=true
Dma.SPI5_RX.4.Priority=DMA_PRIORITY_VERY_HIGH
PD8.Locked=true
PC6.GPIO_Label=TEMP_1_ONEWIRE
PE10.GPIO_PuPd=GPIO_PULLUP
Dma.SPI5_RX.4.MemDataAlignment=DMA_MDATAALIGN_BYTE
SH.S_TIM1_CH1.ConfNb=1
PB13.Signal=GPIO_Output
PD6.GPIO_Label=STATUS_LED_2
PinOutPanel.RotationAngle=0
PE6.GPIO_Label=LCD4_MOSI
Dma.SPI4_TX.3.RequestParameters=Instance,Direction,PeriphInc,MemInc,PeriphDataAlignment,MemDataAlignment,Mode,Priority,FIFOMode
Dma.SPI5_RX.4.FIFOMode=DMA_FIFOMODE_DISABLE
RCC.SYSCLKSource=RCC_SYSCLKSOURCE_PLLCLK
Dma.UART10_RX.6.Instance=DMA2_Stream0
SH.GPXTI7.ConfNb=1
NVIC.SVCall_IRQn=true\:0\:0\:false\:false\:true\:false\:false
UART10.BaudRate=115200
PD15.GPIOParameters=GPIO_Label
NVIC.TIM5_IRQn=true\:2\:0\:true\:false\:true\:true\:true
SPI1.Direction=SPI_DIRECTION_2LINES
Dma.UART10_TX.7.PeriphDataAlignment=DMA_PDATAALIGN_BYTE
PE2.Mode=Asynchronous
TIM2.IPParameters=Prescaler,Period
RCC.APB2TimFreq_Value=100000000
Dma.SPI3_TX.2.PeriphDataAlignment=DMA_PDATAALIGN_BYTE
PB6.Signal=I2C1_SCL
ADC1.Channel-2\#ChannelRegularConversion=ADC_CHANNEL_TEMPSENSOR
PC7.Signal=GPIO_Input
PB6.Mode=I2C
SPI1.CalculateBaudRate=6.25 MBits/s
PC3.Signal=SPI2_MOSI
PD8.Signal=GPIO_Output
VP_TIM2_VS_ClockSourceINT.Signal=TIM2_VS_ClockSourceINT
Dma.UART10_TX.7.Priority=DMA_PRIORITY_LOW
PE5.Signal=SPI5_MISO
PE10.Locked=true
PE1.Signal=GPIO_Input
PB13.Locked=true
ProjectManager.ProjectBuild=false
NVIC.UsageFault_IRQn=true\:0\:0\:false\:false\:true\:false\:false
PB3.Mode=TX_Only_Simplex_Unidirect_Master
ADC1.ScanConvMode=ENABLE
SH.GPXTI7.0=GPIO_EXTI7
RCC.DFSDM2Freq_Value=100000000
PB12.GPIO_Label=LCD3_SCK
ProjectManager.FirmwarePackage=STM32Cube FW_F4 V1.25.0
MxDb.Version=DB.5.0.60
PB0.GPIOParameters=GPIO_Label
PE15.Locked=true
PE0.GPIOParameters=GPIO_Label
PA1.GPIOParameters=GPIO_Label
ProjectManager.BackupPrevious=false
PC4.GPIO_Label=LCD1_LATCH
TIM1.Channel-PWM\ Generation1\ CH1=TIM_CHANNEL_1
PE9.Signal=S_TIM1_CH1
SH.ADCx_IN1.ConfNb=1
PE4.GPIO_Label=BITMAP_CS
SPI2.CalculateBaudRate=6.25 MBits/s
PE2.Signal=UART10_RX
RCC.PLLRCLKFreq_Value=100000000
PE1.Locked=true
NVIC.PendSV_IRQn=true\:0\:0\:false\:false\:true\:false\:false
TIM4.Period=50000
Dma.SPI3_TX.2.Direction=DMA_MEMORY_TO_PERIPH
NVIC.I2C1_ER_IRQn=true\:0\:0\:false\:false\:true\:true\:true
PE10.Signal=GPIO_Input
ProjectManager.HalAssertFull=false
ADC1.SamplingTime-0\#ChannelRegularConversion=ADC_SAMPLETIME_480CYCLES
PA0.Signal=ADCx_IN0
Dma.SPI2_TX.1.FIFOMode=DMA_FIFOMODE_DISABLE
Dma.SPI1_TX.0.Mode=DMA_NORMAL
RCC.MCO2PinFreq_Value=100000000
PC8.GPIOParameters=GPIO_PuPd,GPIO_Label
Mcu.Package=LQFP100
PB9.Signal=GPIO_Output
TIM2.Prescaler=99
SPI2.Mode=SPI_MODE_MASTER
RCC.I2S2Freq_Value=120000000
PD11.Locked=true
SPI3.Mode=SPI_MODE_MASTER
RCC.SAI1AFreq_Value=20000000
PE10.GPIOParameters=GPIO_PuPd,GPIO_Label
SH.COMP_DAC1_group.ConfNb=1
PD12.Signal=GPIO_Output
PD5.GPIOParameters=GPIO_Label,GPIO_ModeDefaultOutputPP
VP_SYS_VS_Systick.Signal=SYS_VS_Systick
PE12.GPIO_Label=LCD4_SCK
PC6.GPIO_PuPd=GPIO_PULLUP
RCC.DFSDMFreq_Value=100000000
PA5.GPIOParameters=GPIO_Label
Dma.SPI2_TX.1.Instance=DMA1_Stream4
Dma.UART10_RX.6.RequestParameters=Instance,Direction,PeriphInc,MemInc,PeriphDataAlignment,MemDataAlignment,Mode,Priority,FIFOMode
NVIC.DMA2_Stream2_IRQn=true\:0\:0\:true\:false\:true\:false\:true
RCC.APB1TimFreq_Value=100000000
NVIC.BusFault_IRQn=true\:0\:0\:false\:false\:true\:false\:false
Dma.ADC1.5.MemDataAlignment=DMA_MDATAALIGN_WORD
TIM1.Period=LCD_FR_INTERVAL
PB10.GPIOParameters=GPIO_Label
RCC.DFSDMAudioFreq_Value=120000000
RCC.LPTimerFreq_Value=50000000
PE10.GPIO_Label=DOOR_B
PD5.Locked=true
PD6.GPIO_ModeDefaultOutputPP=GPIO_MODE_OUTPUT_OD
PA4.GPIO_Label=CONTRAST_1
ADC1.EOCSelection=ADC_EOC_SINGLE_CONV
PD15.Signal=GPIO_Output
SPI5.VirtualType=VM_SLAVE
ProjectManager.CustomerFirmwarePackage=
PC4.GPIOParameters=GPIO_Label
Dma.UART10_RX.6.Priority=DMA_PRIORITY_HIGH
NVIC.UART10_IRQn=true\:1\:0\:true\:false\:true\:true\:true
PE12.Mode=TX_Only_Simplex_Unidirect_Master
SH.COMP_DAC2_group.ConfNb=1
PD6.GPIOParameters=GPIO_Label,GPIO_ModeDefaultOutputPP
Dma.SPI2_TX.1.MemInc=DMA_MINC_ENABLE
NVIC.EXTI4_IRQn=true\:0\:0\:false\:false\:true\:true\:true
RCC.PLLQoutputFreq_Value=100000000
ProjectManager.ProjectFileName=FIAControl.ioc
Dma.SPI4_TX.3.MemDataAlignment=DMA_MDATAALIGN_BYTE
Dma.UART10_RX.6.Mode=DMA_CIRCULAR
ADC1.Rank-0\#ChannelRegularConversion=1
TIM5.IPParameters=Prescaler,Period
PD9.GPIO_Label=HEATER_2
Mcu.PinsNb=56
ADC1.IPParameters=Rank-0\#ChannelRegularConversion,master,Channel-0\#ChannelRegularConversion,SamplingTime-0\#ChannelRegularConversion,NbrOfConversionFlag,ScanConvMode,ContinuousConvMode,DMAContinuousRequests,Rank-1\#ChannelRegularConversion,Channel-1\#ChannelRegularConversion,SamplingTime-1\#ChannelRegularConversion,NbrOfConversion,ClockPrescaler,EOCSelection,Rank-2\#ChannelRegularConversion,Channel-2\#ChannelRegularConversion,SamplingTime-2\#ChannelRegularConversion
PH1\ -\ OSC_OUT.Mode=HSE-External-Oscillator
PC6.Signal=GPIO_Input
Dma.UART10_RX.6.MemDataAlignment=DMA_MDATAALIGN_BYTE
PD13.GPIOParameters=GPIO_Label
SPI1.CLKPhase=SPI_PHASE_2EDGE
NVIC.DMA2_Stream1_IRQn=true\:0\:0\:true\:false\:true\:false\:true
RCC.APB1CLKDivider=RCC_HCLK_DIV2
Dma.SPI4_TX.3.FIFOMode=DMA_FIFOMODE_DISABLE
PC3.GPIOParameters=GPIO_Label
PD10.Signal=GPIO_Output
PB8.GPIO_Label=CTRL_AUX2_OUT
Dma.SPI1_TX.0.FIFOMode=DMA_FIFOMODE_DISABLE
Dma.SPI1_TX.0.RequestParameters=Instance,Direction,PeriphInc,MemInc,PeriphDataAlignment,MemDataAlignment,Mode,Priority,FIFOMode
TIM4.IPParameters=Prescaler,Period
Mcu.Pin51=VP_SYS_VS_Systick
Mcu.Pin52=VP_TIM2_VS_ClockSourceINT
Mcu.Pin50=VP_ADC1_TempSens_Input
Mcu.Pin55=VP_TIM5_VS_ClockSourceINT
Mcu.Pin53=VP_TIM3_VS_ClockSourceINT
PE8.GPIO_Label=DOOR_A
Mcu.Pin54=VP_TIM4_VS_ClockSourceINT
PC6.Locked=true
PB9.Locked=true
PC7.GPIO_PuPd=GPIO_PULLUP
Dma.UART10_RX.6.FIFOMode=DMA_FIFOMODE_DISABLE
PE9.GPIO_Label=LCD_FRAME
Mcu.Pin48=PE0
Mcu.Pin49=PE1
Mcu.Pin46=PB8
Mcu.Pin47=PB9
PB10.Signal=SPI2_SCK
Dma.UART10_TX.7.Direction=DMA_MEMORY_TO_PERIPH
PA5.Signal=COMP_DAC2_group
Mcu.Pin40=PC12
Mcu.Pin41=PD5
Mcu.Pin44=PB6
PC12.Mode=TX_Only_Simplex_Unidirect_Master
PH1\ -\ OSC_OUT.Signal=RCC_OSC_OUT
Mcu.Pin45=PB7
Mcu.Pin42=PD6
Mcu.Pin43=PB3
PE1.GPIO_Label=CTRL_AUX1_IN
ProjectManager.LastFirmware=true
Dma.SPI5_RX.4.Instance=DMA2_Stream3
NVIC.TIM3_IRQn=true\:2\:0\:true\:false\:true\:true\:true
PE14.Signal=SPI5_MOSI
PE6.Mode=TX_Only_Simplex_Unidirect_Master
PE15.Signal=GPIO_Output
Dma.SPI2_TX.1.PeriphDataAlignment=DMA_PDATAALIGN_BYTE
Mcu.Pin37=PC9
Mcu.Pin38=PA13
Mcu.Pin35=PC7
PE8.Signal=GPIO_Input
Mcu.Pin36=PC8
SPI1.Mode=SPI_MODE_MASTER
SH.ADCx_IN0.ConfNb=1
Dma.SPI2_TX.1.Priority=DMA_PRIORITY_VERY_HIGH
Dma.UART10_TX.7.Instance=DMA2_Stream5
Mcu.Pin39=PA14
RCC.RNGFreq_Value=100000000
VP_ADC1_TempSens_Input.Signal=ADC1_TempSens_Input
Mcu.Pin30=PD12
PA1.GPIO_Label=BRIGHTNESS_IN_2
Mcu.Pin33=PD15
PC9.GPIO_PuPd=GPIO_PULLUP
TIM3.IPParameters=Prescaler,Period,CounterMode
Mcu.Pin34=PC6
Mcu.Pin31=PD13
Mcu.Pin32=PD14
Dma.SPI1_TX.0.Instance=DMA2_Stream2
NVIC.NonMaskableInt_IRQn=true\:0\:0\:false\:false\:true\:false\:false
ADC1.DMAContinuousRequests=ENABLE
TIM2.Period=65535
PE7.Locked=true
UART10.VirtualMode=Asynchronous
PA13.Mode=Serial_Wire
ProjectManager.FreePins=false
PC9.GPIOParameters=GPIO_PuPd,GPIO_Label
RCC.PLLI2SQCLKFreq_Value=120000000
UART10.Mode=MODE_TX_RX
Dma.UART10_TX.7.Mode=DMA_NORMAL
Mcu.Pin26=PD8
Mcu.Pin27=PD9
NVIC.DMA2_Stream4_IRQn=true\:0\:0\:true\:false\:true\:false\:true
Mcu.Pin24=PB12
ProjectManager.UnderRoot=false
Mcu.Pin25=PB13
Mcu.Pin28=PD10
PC7.GPIO_Label=TEMP_2_ONEWIRE
Mcu.Pin29=PD11
PC8.GPIO_PuPd=GPIO_PULLUP
PA4.Signal=COMP_DAC1_group
PD14.GPIOParameters=GPIO_Label
ADC1.SamplingTime-1\#ChannelRegularConversion=ADC_SAMPLETIME_480CYCLES
Mcu.Pin22=PE15
Mcu.Pin23=PB10
Mcu.Pin20=PE12
ADC1.master=1
Mcu.Pin21=PE14
PD10.Locked=true
PA5.GPIO_Label=CONTRAST_2
Dma.SPI5_RX.4.PeriphDataAlignment=DMA_PDATAALIGN_BYTE
NVIC.ForceEnableDMAVector=true
PD11.Signal=GPIO_Output
NVIC.MemoryManagement_IRQn=true\:0\:0\:false\:false\:true\:false\:false
PE5.GPIO_Label=BITMAP_MISO
PC12.GPIO_Label=LCD3_MOSI
Dma.SPI3_TX.2.RequestParameters=Instance,Direction,PeriphInc,MemInc,PeriphDataAlignment,MemDataAlignment,Mode,Priority,FIFOMode
ProjectManager.CompilerOptimize=6
ADC1.Rank-1\#ChannelRegularConversion=2
PD15.Locked=true
Dma.SPI4_TX.3.Instance=DMA2_Stream1
Dma.ADC1.5.PeriphDataAlignment=DMA_PDATAALIGN_WORD
ProjectManager.HeapSize=0x200
Mcu.Pin15=PE7
PA0.GPIOParameters=GPIO_Label
NVIC.HardFault_IRQn=true\:0\:0\:false\:false\:true\:false\:false
Mcu.Pin16=PE8
Dma.SPI3_TX.2.PeriphInc=DMA_PINC_DISABLE
Mcu.Pin13=PC4
Dma.SPI4_TX.3.Direction=DMA_MEMORY_TO_PERIPH
Mcu.Pin14=PB0
Mcu.Pin19=PE11
ProjectManager.ComputerToolchain=false
Mcu.Pin17=PE9
Mcu.Pin18=PE10
SPI4.CLKPhase=SPI_PHASE_2EDGE
VP_TIM4_VS_ClockSourceINT.Mode=Internal
NVIC.PriorityGroup=NVIC_PRIORITYGROUP_4
Mcu.Pin11=PA5
Mcu.Pin12=PA7
Mcu.Pin10=PA4
PE3.Signal=UART10_TX
PC3.GPIO_Label=LCD2_MOSI
RCC.PWRFreq_Value=100000000
PD5.GPIO_ModeDefaultOutputPP=GPIO_MODE_OUTPUT_OD
PE12.GPIOParameters=GPIO_Label
SPI5.IPParameters=VirtualType,Mode,Direction
Dma.ADC1.5.FIFOMode=DMA_FIFOMODE_DISABLE
PB0.Signal=SPI5_SCK
Dma.UART10_RX.6.PeriphInc=DMA_PINC_DISABLE
Dma.ADC1.5.Instance=DMA2_Stream4
PA7.GPIOParameters=GPIO_Label
Dma.SPI2_TX.1.MemDataAlignment=DMA_MDATAALIGN_BYTE
PB12.GPIOParameters=GPIO_Label
Dma.SPI5_RX.4.Direction=DMA_PERIPH_TO_MEMORY
Dma.UART10_TX.7.FIFOMode=DMA_FIFOMODE_DISABLE
Mcu.Family=STM32F4
PC3.Mode=TX_Only_Simplex_Unidirect_Master
ProjectManager.MainLocation=Src
Dma.SPI1_TX.0.MemInc=DMA_MINC_ENABLE
PE7.GPIO_PuPd=GPIO_PULLUP
RCC.CortexFreq_Value=100000000
Dma.UART10_TX.7.PeriphInc=DMA_PINC_DISABLE
ProjectManager.KeepUserCode=true
Mcu.UserName=STM32F413VGTx
PD9.GPIOParameters=GPIO_Label
Dma.SPI3_TX.2.Instance=DMA1_Stream5
ADC1.ContinuousConvMode=ENABLE
PE11.GPIO_Label=LCD4_LATCH
UART10.IPParameters=VirtualMode,OverSampling,BaudRate,Mode
SPI4.Direction=SPI_DIRECTION_2LINES
PA0.GPIO_Label=BRIGHTNESS_IN_1
ProjectManager.functionlistsort=1-MX_GPIO_Init-GPIO-false-HAL-true,2-MX_DMA_Init-DMA-false-HAL-true,3-SystemClock_Config-RCC-false-HAL-false,4-MX_ADC1_Init-ADC1-false-HAL-true,5-MX_DAC_Init-DAC-false-HAL-true,6-MX_I2C1_Init-I2C1-false-HAL-true,7-MX_SPI1_Init-SPI1-false-HAL-true,8-MX_SPI2_Init-SPI2-false-HAL-true,9-MX_SPI3_Init-SPI3-false-HAL-true,10-MX_SPI4_Init-SPI4-false-HAL-true,11-MX_SPI5_Init-SPI5-false-HAL-true,12-MX_TIM1_Init-TIM1-false-HAL-true,13-MX_UART10_Init-UART10-false-HAL-true,14-MX_TIM2_Init-TIM2-false-HAL-true,15-MX_TIM3_Init-TIM3-false-HAL-true,16-MX_TIM4_Init-TIM4-false-HAL-true
Dma.SPI2_TX.1.PeriphInc=DMA_PINC_DISABLE
PC9.Locked=true
PD6.Locked=true
PB0.GPIO_Label=BITMAP_SCK
RCC.PLLI2SRCLKFreq_Value=120000000
TIM1.Pulse-PWM\ Generation1\ CH1=LCD_FR_INTERVAL/2
PB13.GPIO_Label=LCD3_LATCH
Dma.SPI3_TX.2.Mode=DMA_NORMAL
NVIC.DMA1_Stream4_IRQn=true\:0\:0\:true\:false\:true\:false\:true
PE5.GPIOParameters=GPIO_Label
ProjectManager.StackSize=0x400
SH.COMP_DAC2_group.0=DAC_OUT2,DAC_OUT2
Dma.SPI5_RX.4.MemInc=DMA_MINC_ENABLE
Dma.SPI2_TX.1.RequestParameters=Instance,Direction,PeriphInc,MemInc,PeriphDataAlignment,MemDataAlignment,Mode,Priority,FIFOMode
PD13.Signal=GPIO_Output
Mcu.IP4=NVIC
Mcu.IP5=RCC
RCC.FCLKCortexFreq_Value=100000000
PD13.Locked=true
Mcu.IP2=DMA
Mcu.IP3=I2C1
Mcu.IP0=ADC1
Mcu.IP1=DAC
PE4.GPIOParameters=GPIO_Label,GPIO_ModeDefaultEXTI
TIM1.Prescaler=199
SPI1.CLKPolarity=SPI_POLARITY_LOW
Dma.SPI4_TX.3.PeriphDataAlignment=DMA_PDATAALIGN_BYTE
Mcu.UserConstants=
PH0\ -\ OSC_IN.Signal=RCC_OSC_IN
SPI4.Mode=SPI_MODE_MASTER
Mcu.ThirdPartyNb=0
RCC.SDIOFreq_Value=100000000
PD11.GPIO_Label=FAN_2
RCC.HCLKFreq_Value=100000000
Mcu.IPNb=18
ProjectManager.PreviousToolchain=
TIM3.Period=625
RCC.SAI1BFreq_Value=20000000
RCC.PLLRoutputFreq_Value=100000000
PD8.GPIOParameters=PinState,GPIO_Label
Mcu.Pin6=PH1 - OSC_OUT
Mcu.Pin7=PC3
NVIC.DMA2_Stream0_IRQn=true\:0\:0\:true\:false\:true\:false\:true
Mcu.Pin8=PA0
Mcu.Pin9=PA1
SPI4.IPParameters=VirtualType,Mode,Direction,CalculateBaudRate,BaudRatePrescaler,CLKPhase
RCC.AHBFreq_Value=100000000
SPI2.BaudRatePrescaler=SPI_BAUDRATEPRESCALER_8
Mcu.Pin0=PE2
Mcu.Pin1=PE3
GPIO.groupedBy=Group By Peripherals
Mcu.Pin2=PE4
Mcu.Pin3=PE5
Mcu.Pin4=PE6
PD10.GPIOParameters=GPIO_Label
Mcu.Pin5=PH0 - OSC_IN
ADC1.Channel-0\#ChannelRegularConversion=ADC_CHANNEL_0
RCC.HSE_VALUE=20000000
NVIC.DebugMonitor_IRQn=true\:0\:0\:false\:false\:true\:false\:false
Mcu.IP10=SPI5
NVIC.SysTick_IRQn=true\:0\:0\:false\:false\:true\:false\:true
Mcu.IP12=TIM1
Mcu.IP11=SYS
Dma.SPI4_TX.3.PeriphInc=DMA_PINC_DISABLE
Mcu.IP17=UART10
ADC1.Rank-2\#ChannelRegularConversion=3
Mcu.IP14=TIM3
Mcu.IP13=TIM2
Mcu.IP16=TIM5
Mcu.IP15=TIM4
RCC.VCOInputFreq_Value=2000000
PA14.Mode=Serial_Wire
PE8.Locked=true
TIM3.Prescaler=9999
File.Version=6
PE3.GPIOParameters=GPIO_Label
PB3.GPIOParameters=GPIO_Label
PB7.Signal=I2C1_SDA
PB8.Locked=true
SH.ADCx_IN0.0=ADC1_IN0,IN0
Dma.SPI3_TX.2.Priority=DMA_PRIORITY_VERY_HIGH
PE4.Signal=GPXTI4
PE6.GPIOParameters=GPIO_Label
Dma.RequestsNb=8
SPI4.BaudRatePrescaler=SPI_BAUDRATEPRESCALER_16
ProjectManager.ProjectName=FIAControl
Dma.SPI3_TX.2.FIFOMode=DMA_FIFOMODE_DISABLE
PD13.GPIO_Label=FAN_4
PB12.Mode=TX_Only_Simplex_Unidirect_Master
Dma.SPI2_TX.1.Mode=DMA_NORMAL
PD5.GPIO_Label=STATUS_LED_1
ProjectManager.ToolChainLocation=
PD14.Locked=true
SPI2.CLKPhase=SPI_PHASE_2EDGE
PE0.GPIO_Label=CTRL_AUX2_IN
SH.ADCx_IN1.0=ADC1_IN1,IN1
Dma.ADC1.5.PeriphInc=DMA_PINC_DISABLE
Dma.Request2=SPI3_TX
Dma.Request1=SPI2_TX
Dma.SPI5_RX.4.PeriphInc=DMA_PINC_DISABLE
Dma.Request4=SPI5_RX
Dma.UART10_TX.7.MemInc=DMA_MINC_ENABLE
Dma.Request3=SPI4_TX
Dma.Request6=UART10_RX
PC4.Locked=true
Dma.Request5=ADC1
SPI3.IPParameters=VirtualType,Mode,Direction,CalculateBaudRate,BaudRatePrescaler,CLKPhase
SPI2.Direction=SPI_DIRECTION_2LINES
Dma.Request7=UART10_TX
RCC.DFSDM2AudioFreq_Value=120000000
PE7.Signal=GPXTI7
Dma.UART10_RX.6.MemInc=DMA_MINC_ENABLE
PD6.Signal=GPIO_Output
Dma.Request0=SPI1_TX
SPI1.BaudRatePrescaler=SPI_BAUDRATEPRESCALER_16
PE2.GPIO_Label=CTRL_RX
PE3.Mode=Asynchronous
VP_TIM3_VS_ClockSourceINT.Mode=Internal
PB3.GPIO_Label=LCD1_SCK
RCC.PLLSourceVirtual=RCC_PLLSOURCE_HSE
SH.COMP_DAC1_group.0=DAC_OUT1,DAC_OUT1
PE8.GPIOParameters=GPIO_PuPd,GPIO_Label
PB8.GPIOParameters=GPIO_Label
PD15.GPIO_Label=AUX_OUT_1
TIM3.CounterMode=TIM_COUNTERMODE_UP
PA7.Mode=TX_Only_Simplex_Unidirect_Master
PE14.GPIOParameters=GPIO_Label
PB9.GPIO_Label=CTRL_AUX1_OUT
PC9.GPIO_Label=BUTTON_2
ProjectManager.NoMain=false
SPI1.IPParameters=VirtualType,Mode,Direction,CalculateBaudRate,BaudRatePrescaler,CLKPolarity,CLKPhase
Dma.SPI4_TX.3.MemInc=DMA_MINC_ENABLE
RCC.FMPI2C1Freq_Value=50000000
RCC.VCOI2SInputFreq_Value=1250000
PC8.Signal=GPIO_Input
PC4.Signal=GPIO_Output
PE4.GPIO_ModeDefaultEXTI=GPIO_MODE_IT_RISING_FALLING
Dma.ADC1.5.RequestParameters=Instance,Direction,PeriphInc,MemInc,PeriphDataAlignment,MemDataAlignment,Mode,Priority,FIFOMode
Dma.SPI4_TX.3.Mode=DMA_NORMAL
ProjectManager.DefaultFWLocation=true
PE14.GPIO_Label=BITMAP_MOSI
PD9.Signal=GPIO_Output
PD5.Signal=GPIO_Output
Dma.SPI4_TX.3.Priority=DMA_PRIORITY_VERY_HIGH
Dma.ADC1.5.Direction=DMA_PERIPH_TO_MEMORY
ProjectManager.DeletePrevious=true
SPI5.Mode=SPI_MODE_SLAVE
ADC1.SamplingTime-2\#ChannelRegularConversion=ADC_SAMPLETIME_480CYCLES
RCC.FamilyName=M
Dma.SPI5_RX.4.RequestParameters=Instance,Direction,PeriphInc,MemInc,PeriphDataAlignment,MemDataAlignment,Mode,Priority,FIFOMode
TIM1.ClockDivision=TIM_CLOCKDIVISION_DIV1
PE9.GPIOParameters=GPIO_Label
PE15.GPIOParameters=GPIO_Label
PD8.GPIO_Label=HEATER_1
PB9.GPIOParameters=GPIO_Label
PD12.Locked=true
PC8.GPIO_Label=BUTTON_1
PC12.GPIOParameters=GPIO_Label
PA13.Signal=SYS_JTMS-SWDIO
PH0\ -\ OSC_IN.Mode=HSE-External-Oscillator
SH.S_TIM1_CH1.0=TIM1_CH1,PWM Generation1 CH1
PE15.GPIO_Label=LCD2_LATCH
PD12.GPIOParameters=GPIO_Label
VP_TIM4_VS_ClockSourceINT.Signal=TIM4_VS_ClockSourceINT
ProjectManager.TargetToolchain=Makefile
PB10.GPIO_Label=LCD2_SCK
PE7.GPIOParameters=GPIO_PuPd,GPIO_Label,GPIO_ModeDefaultEXTI
NVIC.DMA1_Stream5_IRQn=true\:0\:0\:true\:false\:true\:false\:true
Dma.SPI1_TX.0.PeriphDataAlignment=DMA_PDATAALIGN_BYTE
Dma.SPI1_TX.0.Direction=DMA_MEMORY_TO_PERIPH
Dma.UART10_RX.6.PeriphDataAlignment=DMA_PDATAALIGN_BYTE
ADC1.Channel-1\#ChannelRegularConversion=ADC_CHANNEL_1
Dma.UART10_TX.7.RequestParameters=Instance,Direction,PeriphInc,MemInc,PeriphDataAlignment,MemDataAlignment,Mode,Priority,FIFOMode
RCC.I2S1Freq_Value=120000000
PE4.Locked=true
SPI2.IPParameters=VirtualType,Mode,Direction,CalculateBaudRate,BaudRatePrescaler,CLKPhase
PE2.GPIOParameters=GPIO_Label
PE0.Locked=true
RCC.USBFreq_Value=100000000
PD10.GPIO_Label=FAN_1
VP_TIM3_VS_ClockSourceINT.Signal=TIM3_VS_ClockSourceINT
NVIC.DMA2_Stream3_IRQn=true\:0\:0\:true\:false\:true\:false\:true
TIM4.Prescaler=9999
PE11.Signal=GPIO_Output
PA1.Signal=ADCx_IN1
RCC.VCOI2SOutputFreq_Value=240000000
Dma.ADC1.5.Priority=DMA_PRIORITY_MEDIUM
PB0.Mode=Full_Duplex_Slave
board=custom
SPI3.CLKPhase=SPI_PHASE_2EDGE
Dma.SPI2_TX.1.Direction=DMA_MEMORY_TO_PERIPH
RCC.VCOOutputFreq_Value=200000000
PD11.GPIOParameters=GPIO_Label
RCC.APB2Freq_Value=100000000
SPI3.CalculateBaudRate=6.25 MBits/s
MxCube.Version=5.6.0
UART10.OverSampling=UART_OVERSAMPLING_8
VP_TIM2_VS_ClockSourceINT.Mode=Internal
PE14.Mode=Full_Duplex_Slave
Dma.SPI3_TX.2.MemDataAlignment=DMA_MDATAALIGN_BYTE
PE5.Mode=Full_Duplex_Slave
NVIC.DMA2_Stream5_IRQn=true\:0\:0\:false\:false\:true\:false\:true
SPI3.BaudRatePrescaler=SPI_BAUDRATEPRESCALER_8
VP_SYS_VS_Systick.Mode=SysTick
PE7.GPIO_ModeDefaultEXTI=GPIO_MODE_IT_RISING_FALLING
SPI4.CalculateBaudRate=6.25 MBits/s
PD14.GPIO_Label=LIGHT
PA4.GPIOParameters=GPIO_Label
PE6.Signal=SPI4_MOSI
ADC1.NbrOfConversion=3
RCC.IPParameters=AHBFreq_Value,APB1CLKDivider,APB1Freq_Value,APB1TimFreq_Value,APB2Freq_Value,APB2TimFreq_Value,CortexFreq_Value,DFSDM2AudioFreq_Value,DFSDM2Freq_Value,DFSDMAudioFreq_Value,DFSDMFreq_Value,FCLKCortexFreq_Value,FMPI2C1Freq_Value,FamilyName,HCLKFreq_Value,HSE_VALUE,I2S1Freq_Value,I2S2Freq_Value,LPTimerFreq_Value,MCO2PinFreq_Value,PLLCLKFreq_Value,PLLI2SQCLKFreq_Value,PLLI2SRCLKFreq_Value,PLLM,PLLN,PLLQCLKFreq_Value,PLLQoutputFreq_Value,PLLRCLKFreq_Value,PLLRoutputFreq_Value,PLLSourceVirtual,PWRFreq_Value,RNGFreq_Value,SAI1AFreq_Value,SAI1BFreq_Value,SDIOFreq_Value,SYSCLKFreq_VALUE,SYSCLKSource,USBFreq_Value,VCOI2SInputFreq_Value,VCOI2SOutputFreq_Value,VCOInputFreq_Value,VCOOutputFreq_Value
PE11.Locked=true
ProjectManager.AskForMigrate=true
Mcu.Name=STM32F413V(G-H)Tx
PE0.Signal=GPIO_Input
PE7.GPIO_Label=AUX_IN_1
PE12.Signal=SPI4_SCK
Mcu.IP8=SPI3
Mcu.IP9=SPI4
PD14.Signal=GPIO_Output
Mcu.IP6=SPI1
Mcu.IP7=SPI2
ProjectManager.CoupleFile=true
PB3.Signal=SPI1_SCK
RCC.SYSCLKFreq_VALUE=100000000
PA7.GPIO_Label=LCD1_MOSI
SH.GPXTI4.0=GPIO_EXTI4
KeepUserPlacement=false
TIM5.Prescaler=999
PB7.Mode=I2C
Dma.ADC1.5.MemInc=DMA_MINC_ENABLE
NVIC.EXTI9_5_IRQn=true\:0\:0\:false\:false\:true\:true\:true
PA14.Signal=SYS_JTCK-SWCLK
Dma.SPI1_TX.0.MemDataAlignment=DMA_MDATAALIGN_BYTE
Dma.SPI1_TX.0.Priority=DMA_PRIORITY_VERY_HIGH
SH.GPXTI4.ConfNb=1
PC6.GPIOParameters=GPIO_PuPd,GPIO_Label
Dma.SPI5_RX.4.Mode=DMA_NORMAL
Dma.UART10_TX.7.MemDataAlignment=DMA_MDATAALIGN_BYTE
ADC1.NbrOfConversionFlag=1
RCC.PLLM=10
RCC.PLLN=100
TIM1.IPParametersWithoutCheck=Pulse-PWM Generation1 CH1,Period
PB8.Signal=GPIO_Output
PE3.GPIO_Label=CTRL_TX
PC8.Locked=true
TIM5.Period=1000
PC9.Signal=GPIO_Input
NVIC.TIM4_IRQn=true\:2\:0\:true\:false\:true\:true\:true
PD9.Locked=true
RCC.APB1Freq_Value=50000000
PD8.PinState=GPIO_PIN_RESET
ADC1.ClockPrescaler=ADC_CLOCK_SYNC_PCLK_DIV8
ProjectManager.DeviceId=STM32F413VGTx
PB12.Signal=SPI3_SCK
ProjectManager.LibraryCopy=1
Dma.ADC1.5.Mode=DMA_CIRCULAR
PE1.GPIOParameters=GPIO_Label
SPI5.Direction=SPI_DIRECTION_2LINES
PA7.Signal=SPI1_MOSI
