#MicroXplorer Configuration settings - do not modify
ADC1.Channel-0\#ChannelRegularConversion=ADC_CHANNEL_0
ADC1.Channel-1\#ChannelRegularConversion=ADC_CHANNEL_1
ADC1.ClockPrescaler=ADC_CLOCK_SYNC_PCLK_DIV8
ADC1.ContinuousConvMode=ENABLE
ADC1.DMAContinuousRequests=ENABLE
ADC1.EOCSelection=ADC_EOC_SINGLE_CONV
ADC1.IPParameters=Rank-0\#ChannelRegularConversion,master,Channel-0\#ChannelRegularConversion,SamplingTime-0\#ChannelRegularConversion,NbrOfConversionFlag,ScanConvMode,ContinuousConvMode,DMAContinuousRequests,Rank-1\#ChannelRegularConversion,Channel-1\#ChannelRegularConversion,SamplingTime-1\#ChannelRegularConversion,NbrOfConversion,ClockPrescaler,EOCSelection
ADC1.NbrOfConversion=2
ADC1.NbrOfConversionFlag=1
ADC1.Rank-0\#ChannelRegularConversion=1
ADC1.Rank-1\#ChannelRegularConversion=2
ADC1.SamplingTime-0\#ChannelRegularConversion=ADC_SAMPLETIME_480CYCLES
ADC1.SamplingTime-1\#ChannelRegularConversion=ADC_SAMPLETIME_480CYCLES
ADC1.ScanConvMode=ENABLE
ADC1.master=1
Dma.ADC1.5.Direction=DMA_PERIPH_TO_MEMORY
Dma.ADC1.5.FIFOMode=DMA_FIFOMODE_DISABLE
Dma.ADC1.5.Instance=DMA2_Stream0
Dma.ADC1.5.MemDataAlignment=DMA_MDATAALIGN_WORD
Dma.ADC1.5.MemInc=DMA_MINC_ENABLE
Dma.ADC1.5.Mode=DMA_CIRCULAR
Dma.ADC1.5.PeriphDataAlignment=DMA_PDATAALIGN_WORD
Dma.ADC1.5.PeriphInc=DMA_PINC_DISABLE
Dma.ADC1.5.Priority=DMA_PRIORITY_MEDIUM
Dma.ADC1.5.RequestParameters=Instance,Direction,PeriphInc,MemInc,PeriphDataAlignment,MemDataAlignment,Mode,Priority,FIFOMode
Dma.Request0=SPI1_TX
Dma.Request1=SPI2_TX
Dma.Request2=SPI3_TX
Dma.Request3=SPI4_TX
Dma.Request4=SPI5_RX
Dma.Request5=ADC1
Dma.RequestsNb=6
Dma.SPI1_TX.0.Direction=DMA_MEMORY_TO_PERIPH
Dma.SPI1_TX.0.FIFOMode=DMA_FIFOMODE_DISABLE
Dma.SPI1_TX.0.Instance=DMA2_Stream2
Dma.SPI1_TX.0.MemDataAlignment=DMA_MDATAALIGN_BYTE
Dma.SPI1_TX.0.MemInc=DMA_MINC_ENABLE
Dma.SPI1_TX.0.Mode=DMA_NORMAL
Dma.SPI1_TX.0.PeriphDataAlignment=DMA_PDATAALIGN_BYTE
Dma.SPI1_TX.0.PeriphInc=DMA_PINC_DISABLE
Dma.SPI1_TX.0.Priority=DMA_PRIORITY_VERY_HIGH
Dma.SPI1_TX.0.RequestParameters=Instance,Direction,PeriphInc,MemInc,PeriphDataAlignment,MemDataAlignment,Mode,Priority,FIFOMode
Dma.SPI2_TX.1.Direction=DMA_MEMORY_TO_PERIPH
Dma.SPI2_TX.1.FIFOMode=DMA_FIFOMODE_DISABLE
Dma.SPI2_TX.1.Instance=DMA1_Stream4
Dma.SPI2_TX.1.MemDataAlignment=DMA_MDATAALIGN_BYTE
Dma.SPI2_TX.1.MemInc=DMA_MINC_ENABLE
Dma.SPI2_TX.1.Mode=DMA_NORMAL
Dma.SPI2_TX.1.PeriphDataAlignment=DMA_PDATAALIGN_BYTE
Dma.SPI2_TX.1.PeriphInc=DMA_PINC_DISABLE
Dma.SPI2_TX.1.Priority=DMA_PRIORITY_VERY_HIGH
Dma.SPI2_TX.1.RequestParameters=Instance,Direction,PeriphInc,MemInc,PeriphDataAlignment,MemDataAlignment,Mode,Priority,FIFOMode
Dma.SPI3_TX.2.Direction=DMA_MEMORY_TO_PERIPH
Dma.SPI3_TX.2.FIFOMode=DMA_FIFOMODE_DISABLE
Dma.SPI3_TX.2.Instance=DMA1_Stream5
Dma.SPI3_TX.2.MemDataAlignment=DMA_MDATAALIGN_BYTE
Dma.SPI3_TX.2.MemInc=DMA_MINC_ENABLE
Dma.SPI3_TX.2.Mode=DMA_NORMAL
Dma.SPI3_TX.2.PeriphDataAlignment=DMA_PDATAALIGN_BYTE
Dma.SPI3_TX.2.PeriphInc=DMA_PINC_DISABLE
Dma.SPI3_TX.2.Priority=DMA_PRIORITY_VERY_HIGH
Dma.SPI3_TX.2.RequestParameters=Instance,Direction,PeriphInc,MemInc,PeriphDataAlignment,MemDataAlignment,Mode,Priority,FIFOMode
Dma.SPI4_TX.3.Direction=DMA_MEMORY_TO_PERIPH
Dma.SPI4_TX.3.FIFOMode=DMA_FIFOMODE_DISABLE
Dma.SPI4_TX.3.Instance=DMA2_Stream1
Dma.SPI4_TX.3.MemDataAlignment=DMA_MDATAALIGN_BYTE
Dma.SPI4_TX.3.MemInc=DMA_MINC_ENABLE
Dma.SPI4_TX.3.Mode=DMA_NORMAL
Dma.SPI4_TX.3.PeriphDataAlignment=DMA_PDATAALIGN_BYTE
Dma.SPI4_TX.3.PeriphInc=DMA_PINC_DISABLE
Dma.SPI4_TX.3.Priority=DMA_PRIORITY_VERY_HIGH
Dma.SPI4_TX.3.RequestParameters=Instance,Direction,PeriphInc,MemInc,PeriphDataAlignment,MemDataAlignment,Mode,Priority,FIFOMode
Dma.SPI5_RX.4.Direction=DMA_PERIPH_TO_MEMORY
Dma.SPI5_RX.4.FIFOMode=DMA_FIFOMODE_DISABLE
Dma.SPI5_RX.4.Instance=DMA2_Stream3
Dma.SPI5_RX.4.MemDataAlignment=DMA_MDATAALIGN_BYTE
Dma.SPI5_RX.4.MemInc=DMA_MINC_ENABLE
Dma.SPI5_RX.4.Mode=DMA_NORMAL
Dma.SPI5_RX.4.PeriphDataAlignment=DMA_PDATAALIGN_BYTE
Dma.SPI5_RX.4.PeriphInc=DMA_PINC_DISABLE
Dma.SPI5_RX.4.Priority=DMA_PRIORITY_VERY_HIGH
Dma.SPI5_RX.4.RequestParameters=Instance,Direction,PeriphInc,MemInc,PeriphDataAlignment,MemDataAlignment,Mode,Priority,FIFOMode
File.Version=6
GPIO.groupedBy=Group By Peripherals
KeepUserPlacement=false
Mcu.Family=STM32F4
Mcu.IP0=ADC1
Mcu.IP1=DAC
Mcu.IP10=SPI5
Mcu.IP11=SYS
Mcu.IP12=TIM1
Mcu.IP13=TIM2
Mcu.IP14=TIM3
Mcu.IP15=UART10
Mcu.IP2=DMA
Mcu.IP3=I2C1
Mcu.IP4=NVIC
Mcu.IP5=RCC
Mcu.IP6=SPI1
Mcu.IP7=SPI2
Mcu.IP8=SPI3
Mcu.IP9=SPI4
Mcu.IPNb=16
Mcu.Name=STM32F413V(G-H)Tx
Mcu.Package=LQFP100
Mcu.Pin0=PE2
Mcu.Pin1=PE3
Mcu.Pin10=PA7
Mcu.Pin11=PC4
Mcu.Pin12=PB0
Mcu.Pin13=PE7
Mcu.Pin14=PE8
Mcu.Pin15=PE9
Mcu.Pin16=PE10
Mcu.Pin17=PE11
Mcu.Pin18=PE12
Mcu.Pin19=PE14
Mcu.Pin2=PE6
Mcu.Pin20=PE15
Mcu.Pin21=PB10
Mcu.Pin22=PB12
Mcu.Pin23=PB13
Mcu.Pin24=PD8
Mcu.Pin25=PD9
Mcu.Pin26=PD10
Mcu.Pin27=PD11
Mcu.Pin28=PD12
Mcu.Pin29=PD13
Mcu.Pin3=PH0 - OSC_IN
Mcu.Pin30=PD14
Mcu.Pin31=PD15
Mcu.Pin32=PC6
Mcu.Pin33=PC7
Mcu.Pin34=PC8
Mcu.Pin35=PC9
Mcu.Pin36=PA13
Mcu.Pin37=PA14
Mcu.Pin38=PC12
Mcu.Pin39=PD5
Mcu.Pin4=PH1 - OSC_OUT
Mcu.Pin40=PD6
Mcu.Pin41=PB3
Mcu.Pin42=PB6
Mcu.Pin43=PB7
Mcu.Pin44=PB8
Mcu.Pin45=PB9
Mcu.Pin46=PE0
Mcu.Pin47=PE1
Mcu.Pin48=VP_SYS_VS_Systick
Mcu.Pin49=VP_TIM2_VS_ClockSourceINT
Mcu.Pin5=PC3
Mcu.Pin50=VP_TIM3_VS_ClockSourceINT
Mcu.Pin6=PA0
Mcu.Pin7=PA1
Mcu.Pin8=PA4
Mcu.Pin9=PA5
Mcu.PinsNb=51
Mcu.ThirdPartyNb=0
Mcu.UserConstants=
Mcu.UserName=STM32F413VGTx
MxCube.Version=5.6.0
MxDb.Version=DB.5.0.60
NVIC.BusFault_IRQn=true\:0\:0\:false\:false\:true\:false\:false
NVIC.DMA1_Stream4_IRQn=true\:0\:0\:false\:false\:true\:false\:true
NVIC.DMA1_Stream5_IRQn=true\:0\:0\:false\:false\:true\:false\:true
NVIC.DMA2_Stream0_IRQn=true\:0\:0\:false\:false\:true\:false\:true
NVIC.DMA2_Stream1_IRQn=true\:0\:0\:false\:false\:true\:false\:true
NVIC.DMA2_Stream2_IRQn=true\:0\:0\:false\:false\:true\:false\:true
NVIC.DMA2_Stream3_IRQn=true\:0\:0\:false\:false\:true\:false\:true
NVIC.DebugMonitor_IRQn=true\:0\:0\:false\:false\:true\:false\:false
NVIC.ForceEnableDMAVector=true
NVIC.HardFault_IRQn=true\:0\:0\:false\:false\:true\:false\:false
NVIC.MemoryManagement_IRQn=true\:0\:0\:false\:false\:true\:false\:false
NVIC.NonMaskableInt_IRQn=true\:0\:0\:false\:false\:true\:false\:false
NVIC.PendSV_IRQn=true\:0\:0\:false\:false\:true\:false\:false
NVIC.PriorityGroup=NVIC_PRIORITYGROUP_4
NVIC.SVCall_IRQn=true\:0\:0\:false\:false\:true\:false\:false
NVIC.SysTick_IRQn=true\:0\:0\:false\:false\:true\:false\:true
NVIC.TIM3_IRQn=true\:0\:0\:false\:false\:true\:true\:true
NVIC.UsageFault_IRQn=true\:0\:0\:false\:false\:true\:false\:false
PA0.GPIOParameters=GPIO_Label
PA0.GPIO_Label=BRIGHTNESS_IN_1
PA0.Signal=ADCx_IN0
PA1.GPIOParameters=GPIO_Label
PA1.GPIO_Label=BRIGHTNESS_IN_2
PA1.Signal=ADCx_IN1
PA13.Mode=Serial_Wire
PA13.Signal=SYS_JTMS-SWDIO
PA14.Mode=Serial_Wire
PA14.Signal=SYS_JTCK-SWCLK
PA4.GPIOParameters=GPIO_Label
PA4.GPIO_Label=CONTRAST_1
PA4.Signal=COMP_DAC1_group
PA5.GPIOParameters=GPIO_Label
PA5.GPIO_Label=CONTRAST_2
PA5.Signal=COMP_DAC2_group
PA7.GPIOParameters=GPIO_Label
PA7.GPIO_Label=LCD1_MOSI
PA7.Mode=TX_Only_Simplex_Unidirect_Master
PA7.Signal=SPI1_MOSI
PB0.GPIOParameters=GPIO_Label
PB0.GPIO_Label=BITMAP_SCK
PB0.Mode=RX_Only_Simplex_Unidirect_Slave
PB0.Signal=SPI5_SCK
PB10.GPIOParameters=GPIO_Label
PB10.GPIO_Label=LCD2_SCK
PB10.Mode=TX_Only_Simplex_Unidirect_Master
PB10.Signal=SPI2_SCK
PB12.GPIOParameters=GPIO_Label
PB12.GPIO_Label=LCD3_SCK
PB12.Mode=TX_Only_Simplex_Unidirect_Master
PB12.Signal=SPI3_SCK
PB13.GPIOParameters=GPIO_Label
PB13.GPIO_Label=LCD3_LATCH
PB13.Locked=true
PB13.Signal=GPIO_Output
PB3.GPIOParameters=GPIO_Label
PB3.GPIO_Label=LCD1_SCK
PB3.Mode=TX_Only_Simplex_Unidirect_Master
PB3.Signal=SPI1_SCK
PB6.Mode=I2C
PB6.Signal=I2C1_SCL
PB7.Mode=I2C
PB7.Signal=I2C1_SDA
PB8.GPIOParameters=GPIO_Label
PB8.GPIO_Label=CTRL_AUX2_OUT
PB8.Locked=true
PB8.Signal=GPIO_Output
PB9.GPIOParameters=GPIO_Label
PB9.GPIO_Label=CTRL_AUX1_OUT
PB9.Locked=true
PB9.Signal=GPIO_Output
PC12.GPIOParameters=GPIO_Label
PC12.GPIO_Label=LCD3_MOSI
PC12.Mode=TX_Only_Simplex_Unidirect_Master
PC12.Signal=SPI3_MOSI
PC3.GPIOParameters=GPIO_Label
PC3.GPIO_Label=LCD2_MOSI
PC3.Mode=TX_Only_Simplex_Unidirect_Master
PC3.Signal=SPI2_MOSI
PC4.GPIOParameters=GPIO_Label
PC4.GPIO_Label=LCD1_LATCH
PC4.Locked=true
PC4.Signal=GPIO_Output
PC6.GPIOParameters=GPIO_PuPd,GPIO_Label
PC6.GPIO_Label=TEMP_1_ONEWIRE
PC6.GPIO_PuPd=GPIO_PULLUP
PC6.Locked=true
PC6.Signal=GPIO_Input
PC7.GPIOParameters=GPIO_PuPd,GPIO_Label
PC7.GPIO_Label=TEMP_2_ONEWIRE
PC7.GPIO_PuPd=GPIO_PULLUP
PC7.Locked=true
PC7.Signal=GPIO_Input
PC8.GPIOParameters=GPIO_PuPd,GPIO_Label
PC8.GPIO_Label=BUTTON_1
PC8.GPIO_PuPd=GPIO_PULLUP
PC8.Locked=true
PC8.Signal=GPIO_Input
PC9.GPIOParameters=GPIO_PuPd,GPIO_Label
PC9.GPIO_Label=BUTTON_2
PC9.GPIO_PuPd=GPIO_PULLUP
PC9.Locked=true
PC9.Signal=GPIO_Input
PD10.GPIOParameters=GPIO_Label
PD10.GPIO_Label=FAN_1
PD10.Locked=true
PD10.Signal=GPIO_Output
PD11.GPIOParameters=GPIO_Label
PD11.GPIO_Label=FAN_2
PD11.Locked=true
PD11.Signal=GPIO_Output
PD12.GPIOParameters=GPIO_Label
PD12.GPIO_Label=FAN_3
PD12.Locked=true
PD12.Signal=GPIO_Output
PD13.GPIOParameters=GPIO_Label
PD13.GPIO_Label=FAN_4
PD13.Locked=true
PD13.Signal=GPIO_Output
PD14.GPIOParameters=GPIO_Label
PD14.GPIO_Label=LIGHT
PD14.Locked=true
PD14.Signal=GPIO_Output
PD15.GPIOParameters=GPIO_Label
PD15.GPIO_Label=AUX_OUT_1
PD15.Locked=true
PD15.Signal=GPIO_Output
PD5.GPIOParameters=GPIO_Label,GPIO_ModeDefaultOutputPP
PD5.GPIO_Label=STATUS_LED_1
PD5.GPIO_ModeDefaultOutputPP=GPIO_MODE_OUTPUT_OD
PD5.Locked=true
PD5.Signal=GPIO_Output
PD6.GPIOParameters=GPIO_Label,GPIO_ModeDefaultOutputPP
PD6.GPIO_Label=STATUS_LED_2
PD6.GPIO_ModeDefaultOutputPP=GPIO_MODE_OUTPUT_OD
PD6.Locked=true
PD6.Signal=GPIO_Output
PD8.GPIOParameters=PinState,GPIO_Label
PD8.GPIO_Label=HEATER_1
PD8.Locked=true
PD8.PinState=GPIO_PIN_RESET
PD8.Signal=GPIO_Output
PD9.GPIOParameters=GPIO_Label
PD9.GPIO_Label=HEATER_2
PD9.Locked=true
PD9.Signal=GPIO_Output
PE0.GPIOParameters=GPIO_Label
PE0.GPIO_Label=CTRL_AUX2_IN
PE0.Locked=true
PE0.Signal=GPIO_Input
PE1.GPIOParameters=GPIO_Label
PE1.GPIO_Label=CTRL_AUX1_IN
PE1.Locked=true
PE1.Signal=GPIO_Input
PE10.GPIOParameters=GPIO_PuPd,GPIO_Label
PE10.GPIO_Label=DOOR_B
PE10.GPIO_PuPd=GPIO_PULLUP
PE10.Locked=true
PE10.Signal=GPIO_Input
PE11.GPIOParameters=GPIO_Label
PE11.GPIO_Label=LCD4_LATCH
PE11.Locked=true
PE11.Signal=GPIO_Output
PE12.GPIOParameters=GPIO_Label
PE12.GPIO_Label=LCD4_SCK
PE12.Mode=TX_Only_Simplex_Unidirect_Master
PE12.Signal=SPI4_SCK
PE14.GPIOParameters=GPIO_Label
PE14.GPIO_Label=BITMAP_MOSI
PE14.Mode=RX_Only_Simplex_Unidirect_Slave
PE14.Signal=SPI5_MOSI
PE15.GPIOParameters=GPIO_Label
PE15.GPIO_Label=LCD2_LATCH
PE15.Locked=true
PE15.Signal=GPIO_Output
PE2.GPIOParameters=GPIO_Label
PE2.GPIO_Label=CTRL_RX
PE2.Mode=Asynchronous
PE2.Signal=UART10_RX
PE3.GPIOParameters=GPIO_Label
PE3.GPIO_Label=CTRL_TX
PE3.Mode=Asynchronous
PE3.Signal=UART10_TX
PE6.GPIOParameters=GPIO_Label
PE6.GPIO_Label=LCD4_MOSI
PE6.Mode=TX_Only_Simplex_Unidirect_Master
PE6.Signal=SPI4_MOSI
PE7.GPIOParameters=GPIO_PuPd,GPIO_Label
PE7.GPIO_Label=AUX_IN_1
PE7.GPIO_PuPd=GPIO_PULLUP
PE7.Locked=true
PE7.Signal=GPIO_Input
PE8.GPIOParameters=GPIO_PuPd,GPIO_Label
PE8.GPIO_Label=DOOR_A
PE8.GPIO_PuPd=GPIO_PULLUP
PE8.Locked=true
PE8.Signal=GPIO_Input
PE9.GPIOParameters=GPIO_Label
PE9.GPIO_Label=LCD_FRAME
PE9.Signal=S_TIM1_CH1
PH0\ -\ OSC_IN.Mode=HSE-External-Oscillator
PH0\ -\ OSC_IN.Signal=RCC_OSC_IN
PH1\ -\ OSC_OUT.Mode=HSE-External-Oscillator
PH1\ -\ OSC_OUT.Signal=RCC_OSC_OUT
PinOutPanel.RotationAngle=0
ProjectManager.AskForMigrate=true
ProjectManager.BackupPrevious=false
ProjectManager.CompilerOptimize=6
ProjectManager.ComputerToolchain=false
ProjectManager.CoupleFile=true
ProjectManager.CustomerFirmwarePackage=
ProjectManager.DefaultFWLocation=true
ProjectManager.DeletePrevious=true
ProjectManager.DeviceId=STM32F413VGTx
ProjectManager.FirmwarePackage=STM32Cube FW_F4 V1.25.0
ProjectManager.FreePins=false
ProjectManager.HalAssertFull=false
ProjectManager.HeapSize=0x200
ProjectManager.KeepUserCode=true
ProjectManager.LastFirmware=true
ProjectManager.LibraryCopy=1
ProjectManager.MainLocation=Src
ProjectManager.NoMain=false
ProjectManager.PreviousToolchain=
ProjectManager.ProjectBuild=false
ProjectManager.ProjectFileName=FIAControl.ioc
ProjectManager.ProjectName=FIAControl
ProjectManager.StackSize=0x400
ProjectManager.TargetToolchain=Makefile
ProjectManager.ToolChainLocation=
ProjectManager.UnderRoot=false
ProjectManager.functionlistsort=1-MX_GPIO_Init-GPIO-false-HAL-true,2-MX_DMA_Init-DMA-false-HAL-true,3-SystemClock_Config-RCC-false-HAL-false,4-MX_ADC1_Init-ADC1-false-HAL-true,5-MX_DAC_Init-DAC-false-HAL-true,6-MX_I2C1_Init-I2C1-false-HAL-true,7-MX_SPI1_Init-SPI1-false-HAL-true,8-MX_SPI2_Init-SPI2-false-HAL-true,9-MX_SPI3_Init-SPI3-false-HAL-true,10-MX_SPI4_Init-SPI4-false-HAL-true,11-MX_SPI5_Init-SPI5-false-HAL-true,12-MX_TIM1_Init-TIM1-false-HAL-true,13-MX_UART10_Init-UART10-false-HAL-true,14-MX_TIM2_Init-TIM2-false-HAL-true,15-MX_TIM3_Init-TIM3-false-HAL-true
RCC.AHBFreq_Value=100000000
RCC.APB1CLKDivider=RCC_HCLK_DIV2
RCC.APB1Freq_Value=50000000
RCC.APB1TimFreq_Value=100000000
RCC.APB2Freq_Value=100000000
RCC.APB2TimFreq_Value=100000000
RCC.CortexFreq_Value=100000000
RCC.DFSDM2AudioFreq_Value=120000000
RCC.DFSDM2Freq_Value=100000000
RCC.DFSDMAudioFreq_Value=120000000
RCC.DFSDMFreq_Value=100000000
RCC.FCLKCortexFreq_Value=100000000
RCC.FMPI2C1Freq_Value=50000000
RCC.FamilyName=M
RCC.HCLKFreq_Value=100000000
RCC.HSE_VALUE=20000000
RCC.I2S1Freq_Value=120000000
RCC.I2S2Freq_Value=120000000
RCC.IPParameters=AHBFreq_Value,APB1CLKDivider,APB1Freq_Value,APB1TimFreq_Value,APB2Freq_Value,APB2TimFreq_Value,CortexFreq_Value,DFSDM2AudioFreq_Value,DFSDM2Freq_Value,DFSDMAudioFreq_Value,DFSDMFreq_Value,FCLKCortexFreq_Value,FMPI2C1Freq_Value,FamilyName,HCLKFreq_Value,HSE_VALUE,I2S1Freq_Value,I2S2Freq_Value,LPTimerFreq_Value,MCO2PinFreq_Value,PLLCLKFreq_Value,PLLI2SQCLKFreq_Value,PLLI2SRCLKFreq_Value,PLLM,PLLN,PLLQCLKFreq_Value,PLLQoutputFreq_Value,PLLRCLKFreq_Value,PLLRoutputFreq_Value,PLLSourceVirtual,PWRFreq_Value,RNGFreq_Value,SAI1AFreq_Value,SAI1BFreq_Value,SDIOFreq_Value,SYSCLKFreq_VALUE,SYSCLKSource,USBFreq_Value,VCOI2SInputFreq_Value,VCOI2SOutputFreq_Value,VCOInputFreq_Value,VCOOutputFreq_Value
RCC.LPTimerFreq_Value=50000000
RCC.MCO2PinFreq_Value=100000000
RCC.PLLCLKFreq_Value=100000000
RCC.PLLI2SQCLKFreq_Value=120000000
RCC.PLLI2SRCLKFreq_Value=120000000
RCC.PLLM=10
RCC.PLLN=100
RCC.PLLQCLKFreq_Value=100000000
RCC.PLLQoutputFreq_Value=100000000
RCC.PLLRCLKFreq_Value=100000000
RCC.PLLRoutputFreq_Value=100000000
RCC.PLLSourceVirtual=RCC_PLLSOURCE_HSE
RCC.PWRFreq_Value=100000000
RCC.RNGFreq_Value=100000000
RCC.SAI1AFreq_Value=20000000
RCC.SAI1BFreq_Value=20000000
RCC.SDIOFreq_Value=100000000
RCC.SYSCLKFreq_VALUE=100000000
RCC.SYSCLKSource=RCC_SYSCLKSOURCE_PLLCLK
RCC.USBFreq_Value=100000000
RCC.VCOI2SInputFreq_Value=1250000
RCC.VCOI2SOutputFreq_Value=240000000
RCC.VCOInputFreq_Value=2000000
RCC.VCOOutputFreq_Value=200000000
SH.ADCx_IN0.0=ADC1_IN0,IN0
SH.ADCx_IN0.ConfNb=1
SH.ADCx_IN1.0=ADC1_IN1,IN1
SH.ADCx_IN1.ConfNb=1
SH.COMP_DAC1_group.0=DAC_OUT1,DAC_OUT1
SH.COMP_DAC1_group.ConfNb=1
SH.COMP_DAC2_group.0=DAC_OUT2,DAC_OUT2
SH.COMP_DAC2_group.ConfNb=1
SH.S_TIM1_CH1.0=TIM1_CH1,PWM Generation1 CH1
SH.S_TIM1_CH1.ConfNb=1
SPI1.BaudRatePrescaler=SPI_BAUDRATEPRESCALER_16
SPI1.CLKPhase=SPI_PHASE_2EDGE
SPI1.CLKPolarity=SPI_POLARITY_LOW
SPI1.CalculateBaudRate=6.25 MBits/s
SPI1.Direction=SPI_DIRECTION_2LINES
SPI1.IPParameters=VirtualType,Mode,Direction,CalculateBaudRate,BaudRatePrescaler,CLKPolarity,CLKPhase
SPI1.Mode=SPI_MODE_MASTER
SPI1.VirtualType=VM_MASTER
SPI2.BaudRatePrescaler=SPI_BAUDRATEPRESCALER_8
SPI2.CLKPhase=SPI_PHASE_2EDGE
SPI2.CalculateBaudRate=6.25 MBits/s
SPI2.Direction=SPI_DIRECTION_2LINES
SPI2.IPParameters=VirtualType,Mode,Direction,CalculateBaudRate,BaudRatePrescaler,CLKPhase
SPI2.Mode=SPI_MODE_MASTER
SPI2.VirtualType=VM_MASTER
SPI3.BaudRatePrescaler=SPI_BAUDRATEPRESCALER_8
SPI3.CLKPhase=SPI_PHASE_2EDGE
SPI3.CalculateBaudRate=6.25 MBits/s
SPI3.Direction=SPI_DIRECTION_2LINES
SPI3.IPParameters=VirtualType,Mode,Direction,CalculateBaudRate,BaudRatePrescaler,CLKPhase
SPI3.Mode=SPI_MODE_MASTER
SPI3.VirtualType=VM_MASTER
SPI4.BaudRatePrescaler=SPI_BAUDRATEPRESCALER_16
SPI4.CLKPhase=SPI_PHASE_2EDGE
SPI4.CalculateBaudRate=6.25 MBits/s
SPI4.Direction=SPI_DIRECTION_2LINES
SPI4.IPParameters=VirtualType,Mode,Direction,CalculateBaudRate,BaudRatePrescaler,CLKPhase
SPI4.Mode=SPI_MODE_MASTER
SPI4.VirtualType=VM_MASTER
SPI5.Direction=SPI_DIRECTION_2LINES_RXONLY
SPI5.IPParameters=VirtualType,Mode,Direction
SPI5.Mode=SPI_MODE_SLAVE
SPI5.VirtualType=VM_SLAVE
TIM1.Channel-PWM\ Generation1\ CH1=TIM_CHANNEL_1
TIM1.ClockDivision=TIM_CLOCKDIVISION_DIV1
TIM1.IPParameters=ClockDivision,Prescaler,Period,Channel-PWM Generation1 CH1,Pulse-PWM Generation1 CH1
TIM1.Period=100
TIM1.Prescaler=1999
TIM1.Pulse-PWM\ Generation1\ CH1=50
TIM2.IPParameters=Prescaler,Period
TIM2.Period=65535
TIM2.Prescaler=99
TIM3.CounterMode=TIM_COUNTERMODE_UP
TIM3.IPParameters=Prescaler,Period,CounterMode
TIM3.Period=625
TIM3.Prescaler=9999
UART10.IPParameters=VirtualMode
UART10.VirtualMode=Asynchronous
VP_SYS_VS_Systick.Mode=SysTick
VP_SYS_VS_Systick.Signal=SYS_VS_Systick
VP_TIM2_VS_ClockSourceINT.Mode=Internal
VP_TIM2_VS_ClockSourceINT.Signal=TIM2_VS_ClockSourceINT
VP_TIM3_VS_ClockSourceINT.Mode=Internal
VP_TIM3_VS_ClockSourceINT.Signal=TIM3_VS_ClockSourceINT
board=custom
